
Microsoft Visual Studio Solution File, Format Version 12.00
# Visual Studio Version 16
VisualStudioVersion = 16.0.32106.194
MinimumVisualStudioVersion = 10.0.40219.1
Project("{FAE04EC0-301F-11D3-BF4B-00C04F79EFBC}") = "app-code-git", "app-code-git\app-code-git.csproj", "{B2399578-A0ED-48A3-BD44-04AB2EBB9B95}"
EndProject
Global
	GlobalSection(SolutionConfigurationPlatforms) = preSolution
		Debug|Any CPU = Debug|Any CPU
		Release|Any CPU = Release|Any CPU
	EndGlobalSection
	GlobalSection(ProjectConfigurationPlatforms) = postSolution
		{B2399578-A0ED-48A3-BD44-04AB2EBB9B95}.Debug|Any CPU.ActiveCfg = Debug|Any CPU
		{B2399578-A0ED-48A3-BD44-04AB2EBB9B95}.Debug|Any CPU.Build.0 = Debug|Any CPU
		{B2399578-A0ED-48A3-BD44-04AB2EBB9B95}.Release|Any CPU.ActiveCfg = Release|Any CPU
		{B2399578-A0ED-48A3-BD44-04AB2EBB9B95}.Release|Any CPU.Build.0 = Release|Any CPU
	EndGlobalSection
	GlobalSection(SolutionProperties) = preSolution
		HideSolutionNode = FALSE
	EndGlobalSection
	GlobalSection(ExtensibilityGlobals) = postSolution
		SolutionGuid = {3C59B0BC-885C-4442-846C-0958CDC3C223}
	EndGlobalSection
EndGlobal
